github.com/codegangsta/negroni v1.0.0 h1:+aYywywx4bnKXWvoWtRfJ91vC59NbEhEY03sZjQhbVY=
github.com/codegangsta/negroni v1.0.0/go.mod h1:v0y3T5G7Y1UlFfyxFn/QLRU4a2EuNau2iZY63YTKWo0=
github.com/davecgh/go-spew v1.1.0/go.mod h1:J7Y8YcW2NihsgmVo/mv3lAwl/skON4iLHjSsI+c5H38=
github.com/garyburd/redigo v1.6.4 h1:LFu2R3+ZOPgSMWMOL+saa/zXRjw0ID2G8FepO53BGlg=
github.com/garyburd/redigo v1.6.4/go.mod h1:rTb6epsqigu3kYKBnaF028A7Tf/Aw5s0cqA47doKKqw=
github.com/gomodule/redigo v1.8.8/go.mod h1:7ArFNvsTjH8GMMzB4uy1snslv2BwmginuMs06a1uzZE=
github.com/gomodule/redigo v1.8.9 h1:Sl3u+2BI/kk+VEatbj0scLdrFhjPmbxOc1myhDP41ws=
github.com/gomodule/redigo v1.8.9/go.mod h1:7ArFNvsTjH8GMMzB4uy1snslv2BwmginuMs06a1uzZE=
github.com/gorilla/mux v1.8.0 h1:i40aqfkR1h2SlN9hojwV5ZA91wcXFOvkdNIeFDP5koI=
github.com/gorilla/mux v1.8.0/go.mod h1:DVbg23sWSpFRCP0SfiEN6jmj59UnW/n46BH5rLB71So=
github.com/pmezard/go-difflib v1.0.0/go.mod h1:iKH77koFhYxTK1pcRnkKkqfTogsbg7gZNVY4sRDYZ/4=
github.com/stretchr/objx v0.1.0/go.mod h1:HFkY916IF+rwdDfMAkV7OtwuqBVzrE8GR6GFx+wExME=
github.com/stretchr/testify v1.7.0/go.mod h1:6Fq8oRcR53rry900zMqJjRRixrwX3KX962/h/Wwjteg=
github.com/xyproto/pinterface v1.5.3 h1:RKkNT88cwrSqD9hU4cYAO5yeo8srg4TG+74Pcj88iz0=
github.com/xyproto/pinterface v1.5.3/go.mod h1:X5B5pKE49ak7SpyDh5QvJvLH9cC9XuZNDcl5hEyYc34=
github.com/xyproto/simpleredis v0.0.0-20150522151523-2fc7642209b5 h1:Pq2witO9kTO0Sxn0XqeBOUeKTG88JKn9uCfXEAF0XfA=
github.com/xyproto/simpleredis v0.0.0-20150522151523-2fc7642209b5/go.mod h1:uSYFxIza9OX4jlWn/KHQRd0YDCXza/L/S4WatobDE0U=
github.com/xyproto/simpleredis v0.0.0-20150523000142-9f9bdf9000d1 h1:+vB14RyCTr3FERRzenZftip8alGqRbhx7kzS5za9/VQ=
github.com/xyproto/simpleredis v0.0.0-20150523000142-9f9bdf9000d1/go.mod h1:uSYFxIza9OX4jlWn/KHQRd0YDCXza/L/S4WatobDE0U=
github.com/xyproto/simpleredis v0.0.0-20150526220545-97bd090877ec h1:qbZz02VvdGKFARwMxKlr3bbZsr/f5/O9oOGVigF6MUo=
github.com/xyproto/simpleredis v0.0.0-20150526220545-97bd090877ec/go.mod h1:uSYFxIza9OX4jlWn/KHQRd0YDCXza/L/S4WatobDE0U=
github.com/xyproto/simpleredis v0.0.0-20180505135304-2f4b48d695d6 h1:SA/bq+lPFQuyt4bb7oxLi6tkTg/8rKmu6dky68xgPus=
github.com/xyproto/simpleredis v0.0.0-20180505135304-2f4b48d695d6/go.mod h1:uSYFxIza9OX4jlWn/KHQRd0YDCXza/L/S4WatobDE0U=
github.com/xyproto/simpleredis v0.0.0-20220117114834-9a1000fbd7af h1:cysD3MzP3R/pQETtrLsxudVsc79USsWNFY27kYooQbY=
github.com/xyproto/simpleredis v0.0.0-20220117114834-9a1000fbd7af/go.mod h1:klBJiwXWN4OvxC5qVNAr7RnRYowZh9WyeAJoU6aZjZ0=
github.com/xyproto/simpleredis v2.6.5+incompatible h1:eghMfrjX+r1Ox9luPSZHctEEy5gd5tqgH7Azqvmfhu8=
github.com/xyproto/simpleredis v2.6.5+incompatible/go.mod h1:uSYFxIza9OX4jlWn/KHQRd0YDCXza/L/S4WatobDE0U=
gopkg.in/check.v1 v0.0.0-20161208181325-20d25e280405/go.mod h1:Co6ibVJAznAaIkqp8huTwlJQCZ016jof/cbN4VW5Yz0=
gopkg.in/yaml.v3 v3.0.0-20200313102051-9f266ea9e77c/go.mod h1:K4uyk7z7BCEPqu6E+C64Yfv1cQ7kz7rIZviUmN+EgEM=
